PODS:
  - Gifu (3.3.1)
  - IQKeyboardManagerSwift (6.5.10)
  - Kingfisher (7.4.1)
  - Player (0.14.0)

DEPENDENCIES:
  - Gifu
  - IQKeyboardManagerSwift
  - Kingfisher
  - Player

SPEC REPOS:
  trunk:
    - Gifu
    - IQKeyboardManagerSwift
    - Kingfisher
    - Player

SPEC CHECKSUMS:
  Gifu: 416d4e38c4c2fed012f019e0a1d3ffcb58e5b842
  IQKeyboardManagerSwift: 52962c76ab33532f15ad9f3ff4e5715eda5335bb
  Kingfisher: cd762a593a61b2fbecf7645c00f9a801a3ebfc9c
  Player: 37e0acc16ea1495fc241df88fe9f089367513331

PODFILE CHECKSUM: 4aebeefc14bd12ab583898528514375921060794

COCOAPODS: 1.11.3
