// !$*UTF8*$!
{
	archiveVersion = 1;
	classes = {
	};
	objectVersion = 56;
	objects = {

/* Begin PBXBuildFile section */
		6AD0BAF9D379AB6BC83C3313 /* Pods_Affirma.framework in Frameworks */ = {isa = PBXBuildFile; fileRef = 4CED61EEAC95BE37EAB38F89 /* Pods_Affirma.framework */; };
		A50D56DD295A044B00034A19 /* AppDelegate.swift in Sources */ = {isa = PBXBuildFile; fileRef = A50D56DC295A044B00034A19 /* AppDelegate.swift */; };
		A50D56DF295A044B00034A19 /* SceneDelegate.swift in Sources */ = {isa = PBXBuildFile; fileRef = A50D56DE295A044B00034A19 /* SceneDelegate.swift */; };
		A50D56E1295A044B00034A19 /* ViewController.swift in Sources */ = {isa = PBXBuildFile; fileRef = A50D56E0295A044B00034A19 /* ViewController.swift */; };
		A50D56E4295A044B00034A19 /* Main.storyboard in Resources */ = {isa = PBXBuildFile; fileRef = A50D56E2295A044B00034A19 /* Main.storyboard */; };
		A50D56E6295A044D00034A19 /* Assets.xcassets in Resources */ = {isa = PBXBuildFile; fileRef = A50D56E5295A044D00034A19 /* Assets.xcassets */; };
		A50D56E9295A044D00034A19 /* LaunchScreen.storyboard in Resources */ = {isa = PBXBuildFile; fileRef = A50D56E7295A044D00034A19 /* LaunchScreen.storyboard */; };
		A50D56F4295A044D00034A19 /* AffirmaTests.swift in Sources */ = {isa = PBXBuildFile; fileRef = A50D56F3295A044D00034A19 /* AffirmaTests.swift */; };
		A50D56FE295A044D00034A19 /* AffirmaUITests.swift in Sources */ = {isa = PBXBuildFile; fileRef = A50D56FD295A044D00034A19 /* AffirmaUITests.swift */; };
		A50D5700295A044D00034A19 /* AffirmaUITestsLaunchTests.swift in Sources */ = {isa = PBXBuildFile; fileRef = A50D56FF295A044D00034A19 /* AffirmaUITestsLaunchTests.swift */; };
		A50D570D295A04EE00034A19 /* affirmaIcon.png in Resources */ = {isa = PBXBuildFile; fileRef = A50D570C295A04ED00034A19 /* affirmaIcon.png */; };
		A50D5711295A074400034A19 /* Colors.xcassets in Resources */ = {isa = PBXBuildFile; fileRef = A50D5710295A074400034A19 /* Colors.xcassets */; };
		A50D5713295A078E00034A19 /* Colors.swift in Sources */ = {isa = PBXBuildFile; fileRef = A50D5712295A078E00034A19 /* Colors.swift */; };
		A50D5716295A0CF400034A19 /* WelcomeScreenViewController.swift in Sources */ = {isa = PBXBuildFile; fileRef = A50D5715295A0CF400034A19 /* WelcomeScreenViewController.swift */; };
		A50D5718295A0D1E00034A19 /* WelcomeScreenViewController.xib in Resources */ = {isa = PBXBuildFile; fileRef = A50D5717295A0D1E00034A19 /* WelcomeScreenViewController.xib */; };
		A50D571B295A0D3400034A19 /* BaseViewController.swift in Sources */ = {isa = PBXBuildFile; fileRef = A50D571A295A0D3400034A19 /* BaseViewController.swift */; };
		A5A1A8D32967DADE00F23482 /* thirdStep.gif in Resources */ = {isa = PBXBuildFile; fileRef = A5A1A8D22967DADE00F23482 /* thirdStep.gif */; };
		A5A1AA2F296E31F500CC727C /* SecondQuestionViewController.xib in Resources */ = {isa = PBXBuildFile; fileRef = A5A1AA2E296E31F500CC727C /* SecondQuestionViewController.xib */; };
		A5A1AA31296E31FD00CC727C /* SecondQuestionViewController.swift in Sources */ = {isa = PBXBuildFile; fileRef = A5A1AA30296E31FD00CC727C /* SecondQuestionViewController.swift */; };
		A5A1AA33296E36CB00CC727C /* fifthStep.gif in Resources */ = {isa = PBXBuildFile; fileRef = A5A1AA32296E36CB00CC727C /* fifthStep.gif */; };
		A5A1AA36296E93EB00CC727C /* IntroScreenViewController.swift in Sources */ = {isa = PBXBuildFile; fileRef = A5A1AA35296E93EB00CC727C /* IntroScreenViewController.swift */; };
		A5A1AA38296E93F400CC727C /* IntroScreenViewController.xib in Resources */ = {isa = PBXBuildFile; fileRef = A5A1AA37296E93F400CC727C /* IntroScreenViewController.xib */; };
		A5A86ED42969B8B700B710A9 /* FirstQuestionViewController.swift in Sources */ = {isa = PBXBuildFile; fileRef = A5A86ED32969B8B700B710A9 /* FirstQuestionViewController.swift */; };
		A5A86ED62969B8D100B710A9 /* FirstQuestionViewController.xib in Resources */ = {isa = PBXBuildFile; fileRef = A5A86ED52969B8D100B710A9 /* FirstQuestionViewController.xib */; };
		A5A86ED82969BE4B00B710A9 /* fourthStep.gif in Resources */ = {isa = PBXBuildFile; fileRef = A5A86ED72969BE4B00B710A9 /* fourthStep.gif */; };
		A5A9BAE9295C8FBB0033E65A /* GenericImageView.swift in Sources */ = {isa = PBXBuildFile; fileRef = A5A9BAE8295C8FBB0033E65A /* GenericImageView.swift */; };
		A5A9BAEB295C8FC50033E65A /* GenericImageView.xib in Resources */ = {isa = PBXBuildFile; fileRef = A5A9BAEA295C8FC50033E65A /* GenericImageView.xib */; };
		A5A9BAED295C8FE60033E65A /* GenericVideoView.xib in Resources */ = {isa = PBXBuildFile; fileRef = A5A9BAEC295C8FE60033E65A /* GenericVideoView.xib */; };
		A5A9BAEF295C8FEF0033E65A /* GenericVideoView.swift in Sources */ = {isa = PBXBuildFile; fileRef = A5A9BAEE295C8FEF0033E65A /* GenericVideoView.swift */; };
		A5A9BAF1295C90CC0033E65A /* GenericGifView.swift in Sources */ = {isa = PBXBuildFile; fileRef = A5A9BAF0295C90CC0033E65A /* GenericGifView.swift */; };
		A5A9BAF3295C90DB0033E65A /* GenericGifView.xib in Resources */ = {isa = PBXBuildFile; fileRef = A5A9BAF2295C90DB0033E65A /* GenericGifView.xib */; };
		A5A9BAF6295C93110033E65A /* ImageDownloadManager.swift in Sources */ = {isa = PBXBuildFile; fileRef = A5A9BAF5295C93110033E65A /* ImageDownloadManager.swift */; };
		A5A9BAF8295C970E0033E65A /* VideoManager.swift in Sources */ = {isa = PBXBuildFile; fileRef = A5A9BAF7295C970E0033E65A /* VideoManager.swift */; };
		A5A9BAFA295C973E0033E65A /* AudioManager.swift in Sources */ = {isa = PBXBuildFile; fileRef = A5A9BAF9295C973E0033E65A /* AudioManager.swift */; };
		A5A9BAFC295C9B2B0033E65A /* ViewExtensions.swift in Sources */ = {isa = PBXBuildFile; fileRef = A5A9BAFB295C9B2B0033E65A /* ViewExtensions.swift */; };
		A5A9BAFE295CDD300033E65A /* GenericMediaView.swift in Sources */ = {isa = PBXBuildFile; fileRef = A5A9BAFD295CDD300033E65A /* GenericMediaView.swift */; };
		A5A9BB00295CDD810033E65A /* GenericMediaView.xib in Resources */ = {isa = PBXBuildFile; fileRef = A5A9BAFF295CDD810033E65A /* GenericMediaView.xib */; };
		A5A9BB06295CE40C0033E65A /* logoGif.gif in Resources */ = {isa = PBXBuildFile; fileRef = A5A9BB05295CE40C0033E65A /* logoGif.gif */; };
		A5A9BB09295CE54E0033E65A /* LoginViewController.xib in Resources */ = {isa = PBXBuildFile; fileRef = A5A9BB08295CE54E0033E65A /* LoginViewController.xib */; };
		A5A9BB0B295CE5560033E65A /* LoginViewController.swift in Sources */ = {isa = PBXBuildFile; fileRef = A5A9BB0A295CE5560033E65A /* LoginViewController.swift */; };
		A5A9BB1C295E218C0033E65A /* GenericButtonView.swift in Sources */ = {isa = PBXBuildFile; fileRef = A5A9BB1B295E218C0033E65A /* GenericButtonView.swift */; };
		A5A9BB1E295E21990033E65A /* GenericButtonView.xib in Resources */ = {isa = PBXBuildFile; fileRef = A5A9BB1D295E21990033E65A /* GenericButtonView.xib */; };
		A5A9BB20295E23EB0033E65A /* ButtonConfig.swift in Sources */ = {isa = PBXBuildFile; fileRef = A5A9BB1F295E23EB0033E65A /* ButtonConfig.swift */; };
		A5A9BB22295E24510033E65A /* Font.swift in Sources */ = {isa = PBXBuildFile; fileRef = A5A9BB21295E24510033E65A /* Font.swift */; };
		A5A9BB24295E2E770033E65A /* Utility.swift in Sources */ = {isa = PBXBuildFile; fileRef = A5A9BB23295E2E770033E65A /* Utility.swift */; };
		A5A9BB26295EC96D0033E65A /* LabelExtensions.swift in Sources */ = {isa = PBXBuildFile; fileRef = A5A9BB25295EC96D0033E65A /* LabelExtensions.swift */; };
		A5A9BB2A29600DBC0033E65A /* secondStep.gif in Resources */ = {isa = PBXBuildFile; fileRef = A5A9BB2929600DBC0033E65A /* secondStep.gif */; };
		A5A9BB2D2960D38B0033E65A /* OTPViewController.swift in Sources */ = {isa = PBXBuildFile; fileRef = A5A9BB2C2960D38B0033E65A /* OTPViewController.swift */; };
		A5A9BB2F2960D3940033E65A /* OTPViewController.xib in Resources */ = {isa = PBXBuildFile; fileRef = A5A9BB2E2960D3940033E65A /* OTPViewController.xib */; };
		A5A9BB312960D3E50033E65A /* GradientView.swift in Sources */ = {isa = PBXBuildFile; fileRef = A5A9BB302960D3E50033E65A /* GradientView.swift */; };
		A5B06A752971506C00DFE95D /* LastStepViewController.swift in Sources */ = {isa = PBXBuildFile; fileRef = A5B06A742971506B00DFE95D /* LastStepViewController.swift */; };
		A5B06A772971507500DFE95D /* LastStepViewController.xib in Resources */ = {isa = PBXBuildFile; fileRef = A5B06A762971507500DFE95D /* LastStepViewController.xib */; };
		A5B06A79297150F400DFE95D /* lastStep.gif in Resources */ = {isa = PBXBuildFile; fileRef = A5B06A78297150F300DFE95D /* lastStep.gif */; };
		A5B06A7B2971565800DFE95D /* sixthStep.gif in Resources */ = {isa = PBXBuildFile; fileRef = A5B06A7A2971565800DFE95D /* sixthStep.gif */; };
		A5FEE66029730AF300EA4D9D /* SupabaseManager.swift in Sources */ = {isa = PBXBuildFile; fileRef = A5FEE65F29730AF300EA4D9D /* SupabaseManager.swift */; };
		A5FF7F222973273000754178 /* Supabase in Frameworks */ = {isa = PBXBuildFile; productRef = A5FF7F212973273000754178 /* Supabase */; };
		A5FF7F252973EE5400754178 /* CountryListViewController.swift in Sources */ = {isa = PBXBuildFile; fileRef = A5FF7F242973EE5400754178 /* CountryListViewController.swift */; };
		A5FF7F272973EE6600754178 /* CountryListViewController.xib in Resources */ = {isa = PBXBuildFile; fileRef = A5FF7F262973EE6600754178 /* CountryListViewController.xib */; };
		A5FF7F2D297404BD00754178 /* CountryModel.swift in Sources */ = {isa = PBXBuildFile; fileRef = A5FF7F28297404BD00754178 /* CountryModel.swift */; };
		A5FF7F2E297404BD00754178 /* CountryListViewModel.swift in Sources */ = {isa = PBXBuildFile; fileRef = A5FF7F29297404BD00754178 /* CountryListViewModel.swift */; };
		A5FF7F2F297404BD00754178 /* CountryListTableViewCell.swift in Sources */ = {isa = PBXBuildFile; fileRef = A5FF7F2A297404BD00754178 /* CountryListTableViewCell.swift */; };
		A5FF7F30297404BD00754178 /* CountryListTableViewCell.xib in Resources */ = {isa = PBXBuildFile; fileRef = A5FF7F2B297404BD00754178 /* CountryListTableViewCell.xib */; };
		A5FF7F31297404BD00754178 /* countries.json in Resources */ = {isa = PBXBuildFile; fileRef = A5FF7F2C297404BD00754178 /* countries.json */; };
		A5FF7F33297411D600754178 /* TableViewExtensions.swift in Sources */ = {isa = PBXBuildFile; fileRef = A5FF7F32297411D600754178 /* TableViewExtensions.swift */; };
		A5FF7F352974123300754178 /* BaseViewModel.swift in Sources */ = {isa = PBXBuildFile; fileRef = A5FF7F342974123300754178 /* BaseViewModel.swift */; };
		A5FF7F372974134500754178 /* StringExtensions.swift in Sources */ = {isa = PBXBuildFile; fileRef = A5FF7F362974134500754178 /* StringExtensions.swift */; };
		B057A562A3DBA7D4E67CAA6F /* Pods_Affirma_AffirmaUITests.framework in Frameworks */ = {isa = PBXBuildFile; fileRef = CEEBF68161C13340DD552532 /* Pods_Affirma_AffirmaUITests.framework */; };
		B26FE31D4ECC19A76229EDC4 /* Pods_AffirmaTests.framework in Frameworks */ = {isa = PBXBuildFile; fileRef = 52C3D0500DC6D594858BFEB1 /* Pods_AffirmaTests.framework */; };
/* End PBXBuildFile section */

/* Begin PBXContainerItemProxy section */
		A50D56F0295A044D00034A19 /* PBXContainerItemProxy */ = {
			isa = PBXContainerItemProxy;
			containerPortal = A50D56D1295A044B00034A19 /* Project object */;
			proxyType = 1;
			remoteGlobalIDString = A50D56D8295A044B00034A19;
			remoteInfo = Affirma;
		};
		A50D56FA295A044D00034A19 /* PBXContainerItemProxy */ = {
			isa = PBXContainerItemProxy;
			containerPortal = A50D56D1295A044B00034A19 /* Project object */;
			proxyType = 1;
			remoteGlobalIDString = A50D56D8295A044B00034A19;
			remoteInfo = Affirma;
		};
/* End PBXContainerItemProxy section */

/* Begin PBXFileReference section */
		0C20EFA4B7F318D3E15EF06E /* Pods-Affirma-AffirmaUITests.release.xcconfig */ = {isa = PBXFileReference; includeInIndex = 1; lastKnownFileType = text.xcconfig; name = "Pods-Affirma-AffirmaUITests.release.xcconfig"; path = "Target Support Files/Pods-Affirma-AffirmaUITests/Pods-Affirma-AffirmaUITests.release.xcconfig"; sourceTree = "<group>"; };
		2717EEAB6C13F9D6399612AC /* Pods-AffirmaTests.debug.xcconfig */ = {isa = PBXFileReference; includeInIndex = 1; lastKnownFileType = text.xcconfig; name = "Pods-AffirmaTests.debug.xcconfig"; path = "Target Support Files/Pods-AffirmaTests/Pods-AffirmaTests.debug.xcconfig"; sourceTree = "<group>"; };
		4CED61EEAC95BE37EAB38F89 /* Pods_Affirma.framework */ = {isa = PBXFileReference; explicitFileType = wrapper.framework; includeInIndex = 0; path = Pods_Affirma.framework; sourceTree = BUILT_PRODUCTS_DIR; };
		4D4344E33E93F5CB400C67C6 /* Pods-Affirma.release.xcconfig */ = {isa = PBXFileReference; includeInIndex = 1; lastKnownFileType = text.xcconfig; name = "Pods-Affirma.release.xcconfig"; path = "Target Support Files/Pods-Affirma/Pods-Affirma.release.xcconfig"; sourceTree = "<group>"; };
		52C3D0500DC6D594858BFEB1 /* Pods_AffirmaTests.framework */ = {isa = PBXFileReference; explicitFileType = wrapper.framework; includeInIndex = 0; path = Pods_AffirmaTests.framework; sourceTree = BUILT_PRODUCTS_DIR; };
		97A4BD14822638589AA63364 /* Pods-Affirma.debug.xcconfig */ = {isa = PBXFileReference; includeInIndex = 1; lastKnownFileType = text.xcconfig; name = "Pods-Affirma.debug.xcconfig"; path = "Target Support Files/Pods-Affirma/Pods-Affirma.debug.xcconfig"; sourceTree = "<group>"; };
		A50D56D9295A044B00034A19 /* Affirma.app */ = {isa = PBXFileReference; explicitFileType = wrapper.application; includeInIndex = 0; path = Affirma.app; sourceTree = BUILT_PRODUCTS_DIR; };
		A50D56DC295A044B00034A19 /* AppDelegate.swift */ = {isa = PBXFileReference; lastKnownFileType = sourcecode.swift; path = AppDelegate.swift; sourceTree = "<group>"; };
		A50D56DE295A044B00034A19 /* SceneDelegate.swift */ = {isa = PBXFileReference; lastKnownFileType = sourcecode.swift; path = SceneDelegate.swift; sourceTree = "<group>"; };
		A50D56E0295A044B00034A19 /* ViewController.swift */ = {isa = PBXFileReference; lastKnownFileType = sourcecode.swift; path = ViewController.swift; sourceTree = "<group>"; };
		A50D56E3295A044B00034A19 /* Base */ = {isa = PBXFileReference; lastKnownFileType = file.storyboard; name = Base; path = Base.lproj/Main.storyboard; sourceTree = "<group>"; };
		A50D56E5295A044D00034A19 /* Assets.xcassets */ = {isa = PBXFileReference; lastKnownFileType = folder.assetcatalog; path = Assets.xcassets; sourceTree = "<group>"; };
		A50D56E8295A044D00034A19 /* Base */ = {isa = PBXFileReference; lastKnownFileType = file.storyboard; name = Base; path = Base.lproj/LaunchScreen.storyboard; sourceTree = "<group>"; };
		A50D56EA295A044D00034A19 /* Info.plist */ = {isa = PBXFileReference; lastKnownFileType = text.plist.xml; path = Info.plist; sourceTree = "<group>"; };
		A50D56EF295A044D00034A19 /* AffirmaTests.xctest */ = {isa = PBXFileReference; explicitFileType = wrapper.cfbundle; includeInIndex = 0; path = AffirmaTests.xctest; sourceTree = BUILT_PRODUCTS_DIR; };
		A50D56F3295A044D00034A19 /* AffirmaTests.swift */ = {isa = PBXFileReference; lastKnownFileType = sourcecode.swift; path = AffirmaTests.swift; sourceTree = "<group>"; };
		A50D56F9295A044D00034A19 /* AffirmaUITests.xctest */ = {isa = PBXFileReference; explicitFileType = wrapper.cfbundle; includeInIndex = 0; path = AffirmaUITests.xctest; sourceTree = BUILT_PRODUCTS_DIR; };
		A50D56FD295A044D00034A19 /* AffirmaUITests.swift */ = {isa = PBXFileReference; lastKnownFileType = sourcecode.swift; path = AffirmaUITests.swift; sourceTree = "<group>"; };
		A50D56FF295A044D00034A19 /* AffirmaUITestsLaunchTests.swift */ = {isa = PBXFileReference; lastKnownFileType = sourcecode.swift; path = AffirmaUITestsLaunchTests.swift; sourceTree = "<group>"; };
		A50D570C295A04ED00034A19 /* affirmaIcon.png */ = {isa = PBXFileReference; lastKnownFileType = image.png; path = affirmaIcon.png; sourceTree = "<group>"; };
		A50D5710295A074400034A19 /* Colors.xcassets */ = {isa = PBXFileReference; lastKnownFileType = folder.assetcatalog; path = Colors.xcassets; sourceTree = "<group>"; };
		A50D5712295A078E00034A19 /* Colors.swift */ = {isa = PBXFileReference; lastKnownFileType = sourcecode.swift; path = Colors.swift; sourceTree = "<group>"; };
		A50D5715295A0CF400034A19 /* WelcomeScreenViewController.swift */ = {isa = PBXFileReference; lastKnownFileType = sourcecode.swift; path = WelcomeScreenViewController.swift; sourceTree = "<group>"; };
		A50D5717295A0D1E00034A19 /* WelcomeScreenViewController.xib */ = {isa = PBXFileReference; lastKnownFileType = file.xib; path = WelcomeScreenViewController.xib; sourceTree = "<group>"; };
		A50D571A295A0D3400034A19 /* BaseViewController.swift */ = {isa = PBXFileReference; lastKnownFileType = sourcecode.swift; path = BaseViewController.swift; sourceTree = "<group>"; };
		A5A1A8D22967DADE00F23482 /* thirdStep.gif */ = {isa = PBXFileReference; lastKnownFileType = image.gif; path = thirdStep.gif; sourceTree = "<group>"; };
		A5A1AA2E296E31F500CC727C /* SecondQuestionViewController.xib */ = {isa = PBXFileReference; lastKnownFileType = file.xib; path = SecondQuestionViewController.xib; sourceTree = "<group>"; };
		A5A1AA30296E31FD00CC727C /* SecondQuestionViewController.swift */ = {isa = PBXFileReference; lastKnownFileType = sourcecode.swift; path = SecondQuestionViewController.swift; sourceTree = "<group>"; };
		A5A1AA32296E36CB00CC727C /* fifthStep.gif */ = {isa = PBXFileReference; lastKnownFileType = image.gif; path = fifthStep.gif; sourceTree = "<group>"; };
		A5A1AA35296E93EB00CC727C /* IntroScreenViewController.swift */ = {isa = PBXFileReference; lastKnownFileType = sourcecode.swift; path = IntroScreenViewController.swift; sourceTree = "<group>"; };
		A5A1AA37296E93F400CC727C /* IntroScreenViewController.xib */ = {isa = PBXFileReference; lastKnownFileType = file.xib; path = IntroScreenViewController.xib; sourceTree = "<group>"; };
		A5A86ED32969B8B700B710A9 /* FirstQuestionViewController.swift */ = {isa = PBXFileReference; lastKnownFileType = sourcecode.swift; path = FirstQuestionViewController.swift; sourceTree = "<group>"; };
		A5A86ED52969B8D100B710A9 /* FirstQuestionViewController.xib */ = {isa = PBXFileReference; lastKnownFileType = file.xib; path = FirstQuestionViewController.xib; sourceTree = "<group>"; };
		A5A86ED72969BE4B00B710A9 /* fourthStep.gif */ = {isa = PBXFileReference; lastKnownFileType = image.gif; path = fourthStep.gif; sourceTree = "<group>"; };
		A5A9BAE8295C8FBB0033E65A /* GenericImageView.swift */ = {isa = PBXFileReference; lastKnownFileType = sourcecode.swift; path = GenericImageView.swift; sourceTree = "<group>"; };
		A5A9BAEA295C8FC50033E65A /* GenericImageView.xib */ = {isa = PBXFileReference; lastKnownFileType = file.xib; path = GenericImageView.xib; sourceTree = "<group>"; };
		A5A9BAEC295C8FE60033E65A /* GenericVideoView.xib */ = {isa = PBXFileReference; lastKnownFileType = file.xib; path = GenericVideoView.xib; sourceTree = "<group>"; };
		A5A9BAEE295C8FEF0033E65A /* GenericVideoView.swift */ = {isa = PBXFileReference; lastKnownFileType = sourcecode.swift; path = GenericVideoView.swift; sourceTree = "<group>"; };
		A5A9BAF0295C90CC0033E65A /* GenericGifView.swift */ = {isa = PBXFileReference; lastKnownFileType = sourcecode.swift; path = GenericGifView.swift; sourceTree = "<group>"; };
		A5A9BAF2295C90DB0033E65A /* GenericGifView.xib */ = {isa = PBXFileReference; lastKnownFileType = file.xib; path = GenericGifView.xib; sourceTree = "<group>"; };
		A5A9BAF5295C93110033E65A /* ImageDownloadManager.swift */ = {isa = PBXFileReference; lastKnownFileType = sourcecode.swift; path = ImageDownloadManager.swift; sourceTree = "<group>"; };
		A5A9BAF7295C970E0033E65A /* VideoManager.swift */ = {isa = PBXFileReference; lastKnownFileType = sourcecode.swift; path = VideoManager.swift; sourceTree = "<group>"; };
		A5A9BAF9295C973E0033E65A /* AudioManager.swift */ = {isa = PBXFileReference; lastKnownFileType = sourcecode.swift; path = AudioManager.swift; sourceTree = "<group>"; };
		A5A9BAFB295C9B2B0033E65A /* ViewExtensions.swift */ = {isa = PBXFileReference; lastKnownFileType = sourcecode.swift; path = ViewExtensions.swift; sourceTree = "<group>"; };
		A5A9BAFD295CDD300033E65A /* GenericMediaView.swift */ = {isa = PBXFileReference; lastKnownFileType = sourcecode.swift; path = GenericMediaView.swift; sourceTree = "<group>"; };
		A5A9BAFF295CDD810033E65A /* GenericMediaView.xib */ = {isa = PBXFileReference; lastKnownFileType = file.xib; path = GenericMediaView.xib; sourceTree = "<group>"; };
		A5A9BB05295CE40C0033E65A /* logoGif.gif */ = {isa = PBXFileReference; lastKnownFileType = image.gif; path = logoGif.gif; sourceTree = "<group>"; };
		A5A9BB08295CE54E0033E65A /* LoginViewController.xib */ = {isa = PBXFileReference; lastKnownFileType = file.xib; path = LoginViewController.xib; sourceTree = "<group>"; };
		A5A9BB0A295CE5560033E65A /* LoginViewController.swift */ = {isa = PBXFileReference; lastKnownFileType = sourcecode.swift; path = LoginViewController.swift; sourceTree = "<group>"; };
		A5A9BB1B295E218C0033E65A /* GenericButtonView.swift */ = {isa = PBXFileReference; lastKnownFileType = sourcecode.swift; path = GenericButtonView.swift; sourceTree = "<group>"; };
		A5A9BB1D295E21990033E65A /* GenericButtonView.xib */ = {isa = PBXFileReference; lastKnownFileType = file.xib; path = GenericButtonView.xib; sourceTree = "<group>"; };
		A5A9BB1F295E23EB0033E65A /* ButtonConfig.swift */ = {isa = PBXFileReference; lastKnownFileType = sourcecode.swift; path = ButtonConfig.swift; sourceTree = "<group>"; };
		A5A9BB21295E24510033E65A /* Font.swift */ = {isa = PBXFileReference; lastKnownFileType = sourcecode.swift; path = Font.swift; sourceTree = "<group>"; };
		A5A9BB23295E2E770033E65A /* Utility.swift */ = {isa = PBXFileReference; lastKnownFileType = sourcecode.swift; path = Utility.swift; sourceTree = "<group>"; };
		A5A9BB25295EC96D0033E65A /* LabelExtensions.swift */ = {isa = PBXFileReference; lastKnownFileType = sourcecode.swift; path = LabelExtensions.swift; sourceTree = "<group>"; };
		A5A9BB2929600DBC0033E65A /* secondStep.gif */ = {isa = PBXFileReference; lastKnownFileType = image.gif; path = secondStep.gif; sourceTree = "<group>"; };
		A5A9BB2C2960D38B0033E65A /* OTPViewController.swift */ = {isa = PBXFileReference; lastKnownFileType = sourcecode.swift; path = OTPViewController.swift; sourceTree = "<group>"; };
		A5A9BB2E2960D3940033E65A /* OTPViewController.xib */ = {isa = PBXFileReference; lastKnownFileType = file.xib; path = OTPViewController.xib; sourceTree = "<group>"; };
		A5A9BB302960D3E50033E65A /* GradientView.swift */ = {isa = PBXFileReference; lastKnownFileType = sourcecode.swift; path = GradientView.swift; sourceTree = "<group>"; };
		A5B06A742971506B00DFE95D /* LastStepViewController.swift */ = {isa = PBXFileReference; lastKnownFileType = sourcecode.swift; path = LastStepViewController.swift; sourceTree = "<group>"; };
		A5B06A762971507500DFE95D /* LastStepViewController.xib */ = {isa = PBXFileReference; lastKnownFileType = file.xib; path = LastStepViewController.xib; sourceTree = "<group>"; };
		A5B06A78297150F300DFE95D /* lastStep.gif */ = {isa = PBXFileReference; lastKnownFileType = image.gif; path = lastStep.gif; sourceTree = "<group>"; };
		A5B06A7A2971565800DFE95D /* sixthStep.gif */ = {isa = PBXFileReference; lastKnownFileType = image.gif; path = sixthStep.gif; sourceTree = "<group>"; };
		A5FEE65F29730AF300EA4D9D /* SupabaseManager.swift */ = {isa = PBXFileReference; lastKnownFileType = sourcecode.swift; path = SupabaseManager.swift; sourceTree = "<group>"; };
		A5FF7F242973EE5400754178 /* CountryListViewController.swift */ = {isa = PBXFileReference; lastKnownFileType = sourcecode.swift; path = CountryListViewController.swift; sourceTree = "<group>"; };
		A5FF7F262973EE6600754178 /* CountryListViewController.xib */ = {isa = PBXFileReference; lastKnownFileType = file.xib; path = CountryListViewController.xib; sourceTree = "<group>"; };
		A5FF7F28297404BD00754178 /* CountryModel.swift */ = {isa = PBXFileReference; fileEncoding = 4; lastKnownFileType = sourcecode.swift; path = CountryModel.swift; sourceTree = "<group>"; };
		A5FF7F29297404BD00754178 /* CountryListViewModel.swift */ = {isa = PBXFileReference; fileEncoding = 4; lastKnownFileType = sourcecode.swift; path = CountryListViewModel.swift; sourceTree = "<group>"; };
		A5FF7F2A297404BD00754178 /* CountryListTableViewCell.swift */ = {isa = PBXFileReference; fileEncoding = 4; lastKnownFileType = sourcecode.swift; path = CountryListTableViewCell.swift; sourceTree = "<group>"; };
		A5FF7F2B297404BD00754178 /* CountryListTableViewCell.xib */ = {isa = PBXFileReference; fileEncoding = 4; lastKnownFileType = file.xib; path = CountryListTableViewCell.xib; sourceTree = "<group>"; };
		A5FF7F2C297404BD00754178 /* countries.json */ = {isa = PBXFileReference; fileEncoding = 4; lastKnownFileType = text.json; path = countries.json; sourceTree = "<group>"; };
		A5FF7F32297411D600754178 /* TableViewExtensions.swift */ = {isa = PBXFileReference; lastKnownFileType = sourcecode.swift; path = TableViewExtensions.swift; sourceTree = "<group>"; };
		A5FF7F342974123300754178 /* BaseViewModel.swift */ = {isa = PBXFileReference; lastKnownFileType = sourcecode.swift; path = BaseViewModel.swift; sourceTree = "<group>"; };
		A5FF7F362974134500754178 /* StringExtensions.swift */ = {isa = PBXFileReference; lastKnownFileType = sourcecode.swift; path = StringExtensions.swift; sourceTree = "<group>"; };
		B283559CB993D9431F00E040 /* Pods-Affirma-AffirmaUITests.debug.xcconfig */ = {isa = PBXFileReference; includeInIndex = 1; lastKnownFileType = text.xcconfig; name = "Pods-Affirma-AffirmaUITests.debug.xcconfig"; path = "Target Support Files/Pods-Affirma-AffirmaUITests/Pods-Affirma-AffirmaUITests.debug.xcconfig"; sourceTree = "<group>"; };
		CEEBF68161C13340DD552532 /* Pods_Affirma_AffirmaUITests.framework */ = {isa = PBXFileReference; explicitFileType = wrapper.framework; includeInIndex = 0; path = Pods_Affirma_AffirmaUITests.framework; sourceTree = BUILT_PRODUCTS_DIR; };
		ED7EF4CE966C3E3E5174461A /* Pods-AffirmaTests.release.xcconfig */ = {isa = PBXFileReference; includeInIndex = 1; lastKnownFileType = text.xcconfig; name = "Pods-AffirmaTests.release.xcconfig"; path = "Target Support Files/Pods-AffirmaTests/Pods-AffirmaTests.release.xcconfig"; sourceTree = "<group>"; };
/* End PBXFileReference section */

/* Begin PBXFrameworksBuildPhase section */
		A50D56D6295A044B00034A19 /* Frameworks */ = {
			isa = PBXFrameworksBuildPhase;
			buildActionMask = 2147483647;
			files = (
				A5FF7F222973273000754178 /* Supabase in Frameworks */,
				6AD0BAF9D379AB6BC83C3313 /* Pods_Affirma.framework in Frameworks */,
			);
			runOnlyForDeploymentPostprocessing = 0;
		};
		A50D56EC295A044D00034A19 /* Frameworks */ = {
			isa = PBXFrameworksBuildPhase;
			buildActionMask = 2147483647;
			files = (
				B26FE31D4ECC19A76229EDC4 /* Pods_AffirmaTests.framework in Frameworks */,
			);
			runOnlyForDeploymentPostprocessing = 0;
		};
		A50D56F6295A044D00034A19 /* Frameworks */ = {
			isa = PBXFrameworksBuildPhase;
			buildActionMask = 2147483647;
			files = (
				B057A562A3DBA7D4E67CAA6F /* Pods_Affirma_AffirmaUITests.framework in Frameworks */,
			);
			runOnlyForDeploymentPostprocessing = 0;
		};
/* End PBXFrameworksBuildPhase section */

/* Begin PBXGroup section */
		3E3F785B5DF54FDBF35F7121 /* Pods */ = {
			isa = PBXGroup;
			children = (
				97A4BD14822638589AA63364 /* Pods-Affirma.debug.xcconfig */,
				4D4344E33E93F5CB400C67C6 /* Pods-Affirma.release.xcconfig */,
				B283559CB993D9431F00E040 /* Pods-Affirma-AffirmaUITests.debug.xcconfig */,
				0C20EFA4B7F318D3E15EF06E /* Pods-Affirma-AffirmaUITests.release.xcconfig */,
				2717EEAB6C13F9D6399612AC /* Pods-AffirmaTests.debug.xcconfig */,
				ED7EF4CE966C3E3E5174461A /* Pods-AffirmaTests.release.xcconfig */,
			);
			path = Pods;
			sourceTree = "<group>";
		};
		6458AE618B82F4B6F1D98661 /* Frameworks */ = {
			isa = PBXGroup;
			children = (
				4CED61EEAC95BE37EAB38F89 /* Pods_Affirma.framework */,
				CEEBF68161C13340DD552532 /* Pods_Affirma_AffirmaUITests.framework */,
				52C3D0500DC6D594858BFEB1 /* Pods_AffirmaTests.framework */,
			);
			name = Frameworks;
			sourceTree = "<group>";
		};
		A50D56D0295A044B00034A19 = {
			isa = PBXGroup;
			children = (
				A50D56DB295A044B00034A19 /* Affirma */,
				A50D56F2295A044D00034A19 /* AffirmaTests */,
				A50D56FC295A044D00034A19 /* AffirmaUITests */,
				A50D56DA295A044B00034A19 /* Products */,
				3E3F785B5DF54FDBF35F7121 /* Pods */,
				6458AE618B82F4B6F1D98661 /* Frameworks */,
			);
			sourceTree = "<group>";
		};
		A50D56DA295A044B00034A19 /* Products */ = {
			isa = PBXGroup;
			children = (
				A50D56D9295A044B00034A19 /* Affirma.app */,
				A50D56EF295A044D00034A19 /* AffirmaTests.xctest */,
				A50D56F9295A044D00034A19 /* AffirmaUITests.xctest */,
			);
			name = Products;
			sourceTree = "<group>";
		};
		A50D56DB295A044B00034A19 /* Affirma */ = {
			isa = PBXGroup;
			children = (
				A5A9BAF4295C93000033E65A /* Managers */,
				A5A9BAE7295C8F940033E65A /* ReusableViews */,
				A50D5719295A0D2400034A19 /* Base */,
				A50D5714295A0CD700034A19 /* Onboarding */,
				A50D570F295A072B00034A19 /* Extensions */,
				A50D570E295A071F00034A19 /* Utility */,
				A50D56DC295A044B00034A19 /* AppDelegate.swift */,
				A50D56DE295A044B00034A19 /* SceneDelegate.swift */,
				A50D56E0295A044B00034A19 /* ViewController.swift */,
				A50D56E2295A044B00034A19 /* Main.storyboard */,
				A50D56E5295A044D00034A19 /* Assets.xcassets */,
				A50D570C295A04ED00034A19 /* affirmaIcon.png */,
				A50D56E7295A044D00034A19 /* LaunchScreen.storyboard */,
				A50D56EA295A044D00034A19 /* Info.plist */,
				A5FEE65F29730AF300EA4D9D /* SupabaseManager.swift */,
			);
			path = Affirma;
			sourceTree = "<group>";
		};
		A50D56F2295A044D00034A19 /* AffirmaTests */ = {
			isa = PBXGroup;
			children = (
				A50D56F3295A044D00034A19 /* AffirmaTests.swift */,
			);
			path = AffirmaTests;
			sourceTree = "<group>";
		};
		A50D56FC295A044D00034A19 /* AffirmaUITests */ = {
			isa = PBXGroup;
			children = (
				A50D56FD295A044D00034A19 /* AffirmaUITests.swift */,
				A50D56FF295A044D00034A19 /* AffirmaUITestsLaunchTests.swift */,
			);
			path = AffirmaUITests;
			sourceTree = "<group>";
		};
		A50D570E295A071F00034A19 /* Utility */ = {
			isa = PBXGroup;
			children = (
				A50D5710295A074400034A19 /* Colors.xcassets */,
				A50D5712295A078E00034A19 /* Colors.swift */,
				A5A9BB21295E24510033E65A /* Font.swift */,
				A5A9BB23295E2E770033E65A /* Utility.swift */,
			);
			path = Utility;
			sourceTree = "<group>";
		};
		A50D570F295A072B00034A19 /* Extensions */ = {
			isa = PBXGroup;
			children = (
				A5A9BAFB295C9B2B0033E65A /* ViewExtensions.swift */,
				A5A9BB25295EC96D0033E65A /* LabelExtensions.swift */,
				A5FF7F32297411D600754178 /* TableViewExtensions.swift */,
				A5FF7F362974134500754178 /* StringExtensions.swift */,
			);
			path = Extensions;
			sourceTree = "<group>";
		};
		A50D5714295A0CD700034A19 /* Onboarding */ = {
			isa = PBXGroup;
			children = (
				A5FF7F232973EE4100754178 /* CountryList */,
				A5B06A732971505400DFE95D /* LastStep */,
				A5A1AA34296E938300CC727C /* Intro */,
				A5A1AA2D296E319300CC727C /* SecondQuestion */,
				A5A86ED22969B85F00B710A9 /* FirstQuestion */,
				A5A9BB2B2960D2640033E65A /* OTP */,
				A5A9BB07295CE5290033E65A /* Login */,
				A5A9BB05295CE40C0033E65A /* logoGif.gif */,
				A50D5715295A0CF400034A19 /* WelcomeScreenViewController.swift */,
				A50D5717295A0D1E00034A19 /* WelcomeScreenViewController.xib */,
			);
			path = Onboarding;
			sourceTree = "<group>";
		};
		A50D5719295A0D2400034A19 /* Base */ = {
			isa = PBXGroup;
			children = (
				A50D571A295A0D3400034A19 /* BaseViewController.swift */,
				A5FF7F342974123300754178 /* BaseViewModel.swift */,
			);
			path = Base;
			sourceTree = "<group>";
		};
		A5A1AA2D296E319300CC727C /* SecondQuestion */ = {
			isa = PBXGroup;
			children = (
				A5A1AA2E296E31F500CC727C /* SecondQuestionViewController.xib */,
				A5A1AA30296E31FD00CC727C /* SecondQuestionViewController.swift */,
				A5A1AA32296E36CB00CC727C /* fifthStep.gif */,
			);
			path = SecondQuestion;
			sourceTree = "<group>";
		};
		A5A1AA34296E938300CC727C /* Intro */ = {
			isa = PBXGroup;
			children = (
				A5A1AA35296E93EB00CC727C /* IntroScreenViewController.swift */,
				A5A1AA37296E93F400CC727C /* IntroScreenViewController.xib */,
				A5B06A7A2971565800DFE95D /* sixthStep.gif */,
			);
			path = Intro;
			sourceTree = "<group>";
		};
		A5A86ED22969B85F00B710A9 /* FirstQuestion */ = {
			isa = PBXGroup;
			children = (
				A5A86ED32969B8B700B710A9 /* FirstQuestionViewController.swift */,
				A5A86ED52969B8D100B710A9 /* FirstQuestionViewController.xib */,
				A5A86ED72969BE4B00B710A9 /* fourthStep.gif */,
			);
			path = FirstQuestion;
			sourceTree = "<group>";
		};
		A5A9BAE7295C8F940033E65A /* ReusableViews */ = {
			isa = PBXGroup;
			children = (
				A5A9BB1A295E21740033E65A /* Button */,
				A5A9BB19295E21650033E65A /* Media */,
				A5A9BB302960D3E50033E65A /* GradientView.swift */,
			);
			path = ReusableViews;
			sourceTree = "<group>";
		};
		A5A9BAF4295C93000033E65A /* Managers */ = {
			isa = PBXGroup;
			children = (
				A5A9BAF5295C93110033E65A /* ImageDownloadManager.swift */,
				A5A9BAF7295C970E0033E65A /* VideoManager.swift */,
				A5A9BAF9295C973E0033E65A /* AudioManager.swift */,
			);
			path = Managers;
			sourceTree = "<group>";
		};
		A5A9BB07295CE5290033E65A /* Login */ = {
			isa = PBXGroup;
			children = (
				A5A9BB08295CE54E0033E65A /* LoginViewController.xib */,
				A5A9BB0A295CE5560033E65A /* LoginViewController.swift */,
				A5A9BB2929600DBC0033E65A /* secondStep.gif */,
			);
			path = Login;
			sourceTree = "<group>";
		};
		A5A9BB19295E21650033E65A /* Media */ = {
			isa = PBXGroup;
			children = (
				A5A9BAE8295C8FBB0033E65A /* GenericImageView.swift */,
				A5A9BAEA295C8FC50033E65A /* GenericImageView.xib */,
				A5A9BAEC295C8FE60033E65A /* GenericVideoView.xib */,
				A5A9BAEE295C8FEF0033E65A /* GenericVideoView.swift */,
				A5A9BAF0295C90CC0033E65A /* GenericGifView.swift */,
				A5A9BAF2295C90DB0033E65A /* GenericGifView.xib */,
				A5A9BAFD295CDD300033E65A /* GenericMediaView.swift */,
				A5A9BAFF295CDD810033E65A /* GenericMediaView.xib */,
			);
			path = Media;
			sourceTree = "<group>";
		};
		A5A9BB1A295E21740033E65A /* Button */ = {
			isa = PBXGroup;
			children = (
				A5A9BB1B295E218C0033E65A /* GenericButtonView.swift */,
				A5A9BB1D295E21990033E65A /* GenericButtonView.xib */,
				A5A9BB1F295E23EB0033E65A /* ButtonConfig.swift */,
			);
			path = Button;
			sourceTree = "<group>";
		};
		A5A9BB2B2960D2640033E65A /* OTP */ = {
			isa = PBXGroup;
			children = (
				A5A9BB2C2960D38B0033E65A /* OTPViewController.swift */,
				A5A9BB2E2960D3940033E65A /* OTPViewController.xib */,
				A5A1A8D22967DADE00F23482 /* thirdStep.gif */,
			);
			path = OTP;
			sourceTree = "<group>";
		};
		A5B06A732971505400DFE95D /* LastStep */ = {
			isa = PBXGroup;
			children = (
				A5B06A742971506B00DFE95D /* LastStepViewController.swift */,
				A5B06A762971507500DFE95D /* LastStepViewController.xib */,
				A5B06A78297150F300DFE95D /* lastStep.gif */,
			);
			path = LastStep;
			sourceTree = "<group>";
		};
		A5FF7F232973EE4100754178 /* CountryList */ = {
			isa = PBXGroup;
			children = (
				A5FF7F2C297404BD00754178 /* countries.json */,
				A5FF7F2A297404BD00754178 /* CountryListTableViewCell.swift */,
				A5FF7F2B297404BD00754178 /* CountryListTableViewCell.xib */,
				A5FF7F29297404BD00754178 /* CountryListViewModel.swift */,
				A5FF7F28297404BD00754178 /* CountryModel.swift */,
				A5FF7F242973EE5400754178 /* CountryListViewController.swift */,
				A5FF7F262973EE6600754178 /* CountryListViewController.xib */,
			);
			path = CountryList;
			sourceTree = "<group>";
		};
/* End PBXGroup section */

/* Begin PBXNativeTarget section */
		A50D56D8295A044B00034A19 /* Affirma */ = {
			isa = PBXNativeTarget;
			buildConfigurationList = A50D5703295A044D00034A19 /* Build configuration list for PBXNativeTarget "Affirma" */;
			buildPhases = (
				AE93CE05075CED3E2C612A29 /* [CP] Check Pods Manifest.lock */,
				A50D56D5295A044B00034A19 /* Sources */,
				A50D56D6295A044B00034A19 /* Frameworks */,
				A50D56D7295A044B00034A19 /* Resources */,
				F174C8C70F33675536008A93 /* [CP] Embed Pods Frameworks */,
			);
			buildRules = (
			);
			dependencies = (
			);
			name = Affirma;
			packageProductDependencies = (
				A5FF7F212973273000754178 /* Supabase */,
			);
			productName = Affirma;
			productReference = A50D56D9295A044B00034A19 /* Affirma.app */;
			productType = "com.apple.product-type.application";
		};
		A50D56EE295A044D00034A19 /* AffirmaTests */ = {
			isa = PBXNativeTarget;
			buildConfigurationList = A50D5706295A044D00034A19 /* Build configuration list for PBXNativeTarget "AffirmaTests" */;
			buildPhases = (
				8D67A82AC3A025CC21907897 /* [CP] Check Pods Manifest.lock */,
				A50D56EB295A044D00034A19 /* Sources */,
				A50D56EC295A044D00034A19 /* Frameworks */,
				A50D56ED295A044D00034A19 /* Resources */,
			);
			buildRules = (
			);
			dependencies = (
				A50D56F1295A044D00034A19 /* PBXTargetDependency */,
			);
			name = AffirmaTests;
			productName = AffirmaTests;
			productReference = A50D56EF295A044D00034A19 /* AffirmaTests.xctest */;
			productType = "com.apple.product-type.bundle.unit-test";
		};
		A50D56F8295A044D00034A19 /* AffirmaUITests */ = {
			isa = PBXNativeTarget;
			buildConfigurationList = A50D5709295A044D00034A19 /* Build configuration list for PBXNativeTarget "AffirmaUITests" */;
			buildPhases = (
				9B25BCA5D29CC12757DE2389 /* [CP] Check Pods Manifest.lock */,
				A50D56F5295A044D00034A19 /* Sources */,
				A50D56F6295A044D00034A19 /* Frameworks */,
				A50D56F7295A044D00034A19 /* Resources */,
				D903A321CED5EBE077B9A40E /* [CP] Embed Pods Frameworks */,
			);
			buildRules = (
			);
			dependencies = (
				A50D56FB295A044D00034A19 /* PBXTargetDependency */,
			);
			name = AffirmaUITests;
			productName = AffirmaUITests;
			productReference = A50D56F9295A044D00034A19 /* AffirmaUITests.xctest */;
			productType = "com.apple.product-type.bundle.ui-testing";
		};
/* End PBXNativeTarget section */

/* Begin PBXProject section */
		A50D56D1295A044B00034A19 /* Project object */ = {
			isa = PBXProject;
			attributes = {
				BuildIndependentTargetsInParallel = 1;
				LastSwiftUpdateCheck = 1420;
				LastUpgradeCheck = 1420;
				TargetAttributes = {
					A50D56D8295A044B00034A19 = {
						CreatedOnToolsVersion = 14.2;
					};
					A50D56EE295A044D00034A19 = {
						CreatedOnToolsVersion = 14.2;
						TestTargetID = A50D56D8295A044B00034A19;
					};
					A50D56F8295A044D00034A19 = {
						CreatedOnToolsVersion = 14.2;
						TestTargetID = A50D56D8295A044B00034A19;
					};
				};
			};
			buildConfigurationList = A50D56D4295A044B00034A19 /* Build configuration list for PBXProject "Affirma" */;
			compatibilityVersion = "Xcode 14.0";
			developmentRegion = en;
			hasScannedForEncodings = 0;
			knownRegions = (
				en,
				Base,
			);
			mainGroup = A50D56D0295A044B00034A19;
			packageReferences = (
				A5FF7F202973273000754178 /* XCRemoteSwiftPackageReference "supabase-swift" */,
			);
			productRefGroup = A50D56DA295A044B00034A19 /* Products */;
			projectDirPath = "";
			projectRoot = "";
			targets = (
				A50D56D8295A044B00034A19 /* Affirma */,
				A50D56EE295A044D00034A19 /* AffirmaTests */,
				A50D56F8295A044D00034A19 /* AffirmaUITests */,
			);
		};
/* End PBXProject section */

/* Begin PBXResourcesBuildPhase section */
		A50D56D7295A044B00034A19 /* Resources */ = {
			isa = PBXResourcesBuildPhase;
			buildActionMask = 2147483647;
			files = (
				A5A9BB06295CE40C0033E65A /* logoGif.gif in Resources */,
				A5B06A772971507500DFE95D /* LastStepViewController.xib in Resources */,
				A5A1AA38296E93F400CC727C /* IntroScreenViewController.xib in Resources */,
				A50D5711295A074400034A19 /* Colors.xcassets in Resources */,
				A5A1AA33296E36CB00CC727C /* fifthStep.gif in Resources */,
				A5FF7F272973EE6600754178 /* CountryListViewController.xib in Resources */,
				A50D56E9295A044D00034A19 /* LaunchScreen.storyboard in Resources */,
				A50D570D295A04EE00034A19 /* affirmaIcon.png in Resources */,
				A5B06A7B2971565800DFE95D /* sixthStep.gif in Resources */,
				A5A9BB1E295E21990033E65A /* GenericButtonView.xib in Resources */,
				A5A9BB00295CDD810033E65A /* GenericMediaView.xib in Resources */,
				A5A86ED82969BE4B00B710A9 /* fourthStep.gif in Resources */,
				A5FF7F31297404BD00754178 /* countries.json in Resources */,
				A5A9BAEB295C8FC50033E65A /* GenericImageView.xib in Resources */,
				A5A9BAF3295C90DB0033E65A /* GenericGifView.xib in Resources */,
				A5A86ED62969B8D100B710A9 /* FirstQuestionViewController.xib in Resources */,
				A5A1A8D32967DADE00F23482 /* thirdStep.gif in Resources */,
				A5A9BAED295C8FE60033E65A /* GenericVideoView.xib in Resources */,
				A5B06A79297150F400DFE95D /* lastStep.gif in Resources */,
				A5A9BB2F2960D3940033E65A /* OTPViewController.xib in Resources */,
				A5A9BB09295CE54E0033E65A /* LoginViewController.xib in Resources */,
				A5FF7F30297404BD00754178 /* CountryListTableViewCell.xib in Resources */,
				A50D5718295A0D1E00034A19 /* WelcomeScreenViewController.xib in Resources */,
				A50D56E6295A044D00034A19 /* Assets.xcassets in Resources */,
				A5A1AA2F296E31F500CC727C /* SecondQuestionViewController.xib in Resources */,
				A5A9BB2A29600DBC0033E65A /* secondStep.gif in Resources */,
				A50D56E4295A044B00034A19 /* Main.storyboard in Resources */,
			);
			runOnlyForDeploymentPostprocessing = 0;
		};
		A50D56ED295A044D00034A19 /* Resources */ = {
			isa = PBXResourcesBuildPhase;
			buildActionMask = 2147483647;
			files = (
			);
			runOnlyForDeploymentPostprocessing = 0;
		};
		A50D56F7295A044D00034A19 /* Resources */ = {
			isa = PBXResourcesBuildPhase;
			buildActionMask = 2147483647;
			files = (
			);
			runOnlyForDeploymentPostprocessing = 0;
		};
/* End PBXResourcesBuildPhase section */

/* Begin PBXShellScriptBuildPhase section */
		8D67A82AC3A025CC21907897 /* [CP] Check Pods Manifest.lock */ = {
			isa = PBXShellScriptBuildPhase;
			buildActionMask = 2147483647;
			files = (
			);
			inputFileListPaths = (
			);
			inputPaths = (
				"${PODS_PODFILE_DIR_PATH}/Podfile.lock",
				"${PODS_ROOT}/Manifest.lock",
			);
			name = "[CP] Check Pods Manifest.lock";
			outputFileListPaths = (
			);
			outputPaths = (
				"$(DERIVED_FILE_DIR)/Pods-AffirmaTests-checkManifestLockResult.txt",
			);
			runOnlyForDeploymentPostprocessing = 0;
			shellPath = /bin/sh;
			shellScript = "diff \"${PODS_PODFILE_DIR_PATH}/Podfile.lock\" \"${PODS_ROOT}/Manifest.lock\" > /dev/null\nif [ $? != 0 ] ; then\n    # print error to STDERR\n    echo \"error: The sandbox is not in sync with the Podfile.lock. Run 'pod install' or update your CocoaPods installation.\" >&2\n    exit 1\nfi\n# This output is used by Xcode 'outputs' to avoid re-running this script phase.\necho \"SUCCESS\" > \"${SCRIPT_OUTPUT_FILE_0}\"\n";
			showEnvVarsInLog = 0;
		};
		9B25BCA5D29CC12757DE2389 /* [CP] Check Pods Manifest.lock */ = {
			isa = PBXShellScriptBuildPhase;
			buildActionMask = 2147483647;
			files = (
			);
			inputFileListPaths = (
			);
			inputPaths = (
				"${PODS_PODFILE_DIR_PATH}/Podfile.lock",
				"${PODS_ROOT}/Manifest.lock",
			);
			name = "[CP] Check Pods Manifest.lock";
			outputFileListPaths = (
			);
			outputPaths = (
				"$(DERIVED_FILE_DIR)/Pods-Affirma-AffirmaUITests-checkManifestLockResult.txt",
			);
			runOnlyForDeploymentPostprocessing = 0;
			shellPath = /bin/sh;
			shellScript = "diff \"${PODS_PODFILE_DIR_PATH}/Podfile.lock\" \"${PODS_ROOT}/Manifest.lock\" > /dev/null\nif [ $? != 0 ] ; then\n    # print error to STDERR\n    echo \"error: The sandbox is not in sync with the Podfile.lock. Run 'pod install' or update your CocoaPods installation.\" >&2\n    exit 1\nfi\n# This output is used by Xcode 'outputs' to avoid re-running this script phase.\necho \"SUCCESS\" > \"${SCRIPT_OUTPUT_FILE_0}\"\n";
			showEnvVarsInLog = 0;
		};
		AE93CE05075CED3E2C612A29 /* [CP] Check Pods Manifest.lock */ = {
			isa = PBXShellScriptBuildPhase;
			buildActionMask = 2147483647;
			files = (
			);
			inputFileListPaths = (
			);
			inputPaths = (
				"${PODS_PODFILE_DIR_PATH}/Podfile.lock",
				"${PODS_ROOT}/Manifest.lock",
			);
			name = "[CP] Check Pods Manifest.lock";
			outputFileListPaths = (
			);
			outputPaths = (
				"$(DERIVED_FILE_DIR)/Pods-Affirma-checkManifestLockResult.txt",
			);
			runOnlyForDeploymentPostprocessing = 0;
			shellPath = /bin/sh;
			shellScript = "diff \"${PODS_PODFILE_DIR_PATH}/Podfile.lock\" \"${PODS_ROOT}/Manifest.lock\" > /dev/null\nif [ $? != 0 ] ; then\n    # print error to STDERR\n    echo \"error: The sandbox is not in sync with the Podfile.lock. Run 'pod install' or update your CocoaPods installation.\" >&2\n    exit 1\nfi\n# This output is used by Xcode 'outputs' to avoid re-running this script phase.\necho \"SUCCESS\" > \"${SCRIPT_OUTPUT_FILE_0}\"\n";
			showEnvVarsInLog = 0;
		};
		D903A321CED5EBE077B9A40E /* [CP] Embed Pods Frameworks */ = {
			isa = PBXShellScriptBuildPhase;
			buildActionMask = 2147483647;
			files = (
			);
			inputFileListPaths = (
				"${PODS_ROOT}/Target Support Files/Pods-Affirma-AffirmaUITests/Pods-Affirma-AffirmaUITests-frameworks-${CONFIGURATION}-input-files.xcfilelist",
			);
			name = "[CP] Embed Pods Frameworks";
			outputFileListPaths = (
				"${PODS_ROOT}/Target Support Files/Pods-Affirma-AffirmaUITests/Pods-Affirma-AffirmaUITests-frameworks-${CONFIGURATION}-output-files.xcfilelist",
			);
			runOnlyForDeploymentPostprocessing = 0;
			shellPath = /bin/sh;
			shellScript = "\"${PODS_ROOT}/Target Support Files/Pods-Affirma-AffirmaUITests/Pods-Affirma-AffirmaUITests-frameworks.sh\"\n";
			showEnvVarsInLog = 0;
		};
		F174C8C70F33675536008A93 /* [CP] Embed Pods Frameworks */ = {
			isa = PBXShellScriptBuildPhase;
			buildActionMask = 2147483647;
			files = (
			);
			inputFileListPaths = (
				"${PODS_ROOT}/Target Support Files/Pods-Affirma/Pods-Affirma-frameworks-${CONFIGURATION}-input-files.xcfilelist",
			);
			name = "[CP] Embed Pods Frameworks";
			outputFileListPaths = (
				"${PODS_ROOT}/Target Support Files/Pods-Affirma/Pods-Affirma-frameworks-${CONFIGURATION}-output-files.xcfilelist",
			);
			runOnlyForDeploymentPostprocessing = 0;
			shellPath = /bin/sh;
			shellScript = "\"${PODS_ROOT}/Target Support Files/Pods-Affirma/Pods-Affirma-frameworks.sh\"\n";
			showEnvVarsInLog = 0;
		};
/* End PBXShellScriptBuildPhase section */

/* Begin PBXSourcesBuildPhase section */
		A50D56D5295A044B00034A19 /* Sources */ = {
			isa = PBXSourcesBuildPhase;
			buildActionMask = 2147483647;
			files = (
				A5A9BAF1295C90CC0033E65A /* GenericGifView.swift in Sources */,
				A5A9BAEF295C8FEF0033E65A /* GenericVideoView.swift in Sources */,
				A5A9BB312960D3E50033E65A /* GradientView.swift in Sources */,
				A5FF7F2E297404BD00754178 /* CountryListViewModel.swift in Sources */,
				A5A9BAE9295C8FBB0033E65A /* GenericImageView.swift in Sources */,
				A5A9BB0B295CE5560033E65A /* LoginViewController.swift in Sources */,
				A5A9BAF6295C93110033E65A /* ImageDownloadManager.swift in Sources */,
				A5FF7F33297411D600754178 /* TableViewExtensions.swift in Sources */,
				A50D56E1295A044B00034A19 /* ViewController.swift in Sources */,
				A5A9BB24295E2E770033E65A /* Utility.swift in Sources */,
				A5A1AA36296E93EB00CC727C /* IntroScreenViewController.swift in Sources */,
				A5FF7F252973EE5400754178 /* CountryListViewController.swift in Sources */,
				A5A9BB1C295E218C0033E65A /* GenericButtonView.swift in Sources */,
				A5A86ED42969B8B700B710A9 /* FirstQuestionViewController.swift in Sources */,
				A50D5713295A078E00034A19 /* Colors.swift in Sources */,
				A5FEE66029730AF300EA4D9D /* SupabaseManager.swift in Sources */,
				A5FF7F372974134500754178 /* StringExtensions.swift in Sources */,
				A5A9BAFA295C973E0033E65A /* AudioManager.swift in Sources */,
				A5A9BAFE295CDD300033E65A /* GenericMediaView.swift in Sources */,
				A5A9BAFC295C9B2B0033E65A /* ViewExtensions.swift in Sources */,
				A5A9BB2D2960D38B0033E65A /* OTPViewController.swift in Sources */,
				A50D56DD295A044B00034A19 /* AppDelegate.swift in Sources */,
				A5A1AA31296E31FD00CC727C /* SecondQuestionViewController.swift in Sources */,
				A5A9BAF8295C970E0033E65A /* VideoManager.swift in Sources */,
				A5FF7F352974123300754178 /* BaseViewModel.swift in Sources */,
				A5FF7F2D297404BD00754178 /* CountryModel.swift in Sources */,
				A5FF7F2F297404BD00754178 /* CountryListTableViewCell.swift in Sources */,
				A50D5716295A0CF400034A19 /* WelcomeScreenViewController.swift in Sources */,
				A5B06A752971506C00DFE95D /* LastStepViewController.swift in Sources */,
				A5A9BB22295E24510033E65A /* Font.swift in Sources */,
				A5A9BB26295EC96D0033E65A /* LabelExtensions.swift in Sources */,
				A50D56DF295A044B00034A19 /* SceneDelegate.swift in Sources */,
				A5A9BB20295E23EB0033E65A /* ButtonConfig.swift in Sources */,
				A50D571B295A0D3400034A19 /* BaseViewController.swift in Sources */,
			);
			runOnlyForDeploymentPostprocessing = 0;
		};
		A50D56EB295A044D00034A19 /* Sources */ = {
			isa = PBXSourcesBuildPhase;
			buildActionMask = 2147483647;
			files = (
				A50D56F4295A044D00034A19 /* AffirmaTests.swift in Sources */,
			);
			runOnlyForDeploymentPostprocessing = 0;
		};
		A50D56F5295A044D00034A19 /* Sources */ = {
			isa = PBXSourcesBuildPhase;
			buildActionMask = 2147483647;
			files = (
				A50D56FE295A044D00034A19 /* AffirmaUITests.swift in Sources */,
				A50D5700295A044D00034A19 /* AffirmaUITestsLaunchTests.swift in Sources */,
			);
			runOnlyForDeploymentPostprocessing = 0;
		};
/* End PBXSourcesBuildPhase section */

/* Begin PBXTargetDependency section */
		A50D56F1295A044D00034A19 /* PBXTargetDependency */ = {
			isa = PBXTargetDependency;
			target = A50D56D8295A044B00034A19 /* Affirma */;
			targetProxy = A50D56F0295A044D00034A19 /* PBXContainerItemProxy */;
		};
		A50D56FB295A044D00034A19 /* PBXTargetDependency */ = {
			isa = PBXTargetDependency;
			target = A50D56D8295A044B00034A19 /* Affirma */;
			targetProxy = A50D56FA295A044D00034A19 /* PBXContainerItemProxy */;
		};
/* End PBXTargetDependency section */

/* Begin PBXVariantGroup section */
		A50D56E2295A044B00034A19 /* Main.storyboard */ = {
			isa = PBXVariantGroup;
			children = (
				A50D56E3295A044B00034A19 /* Base */,
			);
			name = Main.storyboard;
			sourceTree = "<group>";
		};
		A50D56E7295A044D00034A19 /* LaunchScreen.storyboard */ = {
			isa = PBXVariantGroup;
			children = (
				A50D56E8295A044D00034A19 /* Base */,
			);
			name = LaunchScreen.storyboard;
			sourceTree = "<group>";
		};
/* End PBXVariantGroup section */

/* Begin XCBuildConfiguration section */
		A50D5701295A044D00034A19 /* Debug */ = {
			isa = XCBuildConfiguration;
			buildSettings = {
				ALWAYS_SEARCH_USER_PATHS = NO;
				CLANG_ANALYZER_NONNULL = YES;
				CLANG_ANALYZER_NUMBER_OBJECT_CONVERSION = YES_AGGRESSIVE;
				CLANG_CXX_LANGUAGE_STANDARD = "gnu++20";
				CLANG_ENABLE_MODULES = YES;
				CLANG_ENABLE_OBJC_ARC = YES;
				CLANG_ENABLE_OBJC_WEAK = YES;
				CLANG_WARN_BLOCK_CAPTURE_AUTORELEASING = YES;
				CLANG_WARN_BOOL_CONVERSION = YES;
				CLANG_WARN_COMMA = YES;
				CLANG_WARN_CONSTANT_CONVERSION = YES;
				CLANG_WARN_DEPRECATED_OBJC_IMPLEMENTATIONS = YES;
				CLANG_WARN_DIRECT_OBJC_ISA_USAGE = YES_ERROR;
				CLANG_WARN_DOCUMENTATION_COMMENTS = YES;
				CLANG_WARN_EMPTY_BODY = YES;
				CLANG_WARN_ENUM_CONVERSION = YES;
				CLANG_WARN_INFINITE_RECURSION = YES;
				CLANG_WARN_INT_CONVERSION = YES;
				CLANG_WARN_NON_LITERAL_NULL_CONVERSION = YES;
				CLANG_WARN_OBJC_IMPLICIT_RETAIN_SELF = YES;
				CLANG_WARN_OBJC_LITERAL_CONVERSION = YES;
				CLANG_WARN_OBJC_ROOT_CLASS = YES_ERROR;
				CLANG_WARN_QUOTED_INCLUDE_IN_FRAMEWORK_HEADER = YES;
				CLANG_WARN_RANGE_LOOP_ANALYSIS = YES;
				CLANG_WARN_STRICT_PROTOTYPES = YES;
				CLANG_WARN_SUSPICIOUS_MOVE = YES;
				CLANG_WARN_UNGUARDED_AVAILABILITY = YES_AGGRESSIVE;
				CLANG_WARN_UNREACHABLE_CODE = YES;
				CLANG_WARN__DUPLICATE_METHOD_MATCH = YES;
				COPY_PHASE_STRIP = NO;
				DEBUG_INFORMATION_FORMAT = dwarf;
				ENABLE_STRICT_OBJC_MSGSEND = YES;
				ENABLE_TESTABILITY = YES;
				GCC_C_LANGUAGE_STANDARD = gnu11;
				GCC_DYNAMIC_NO_PIC = NO;
				GCC_NO_COMMON_BLOCKS = YES;
				GCC_OPTIMIZATION_LEVEL = 0;
				GCC_PREPROCESSOR_DEFINITIONS = (
					"DEBUG=1",
					"$(inherited)",
				);
				GCC_WARN_64_TO_32_BIT_CONVERSION = YES;
				GCC_WARN_ABOUT_RETURN_TYPE = YES_ERROR;
				GCC_WARN_UNDECLARED_SELECTOR = YES;
				GCC_WARN_UNINITIALIZED_AUTOS = YES_AGGRESSIVE;
				GCC_WARN_UNUSED_FUNCTION = YES;
				GCC_WARN_UNUSED_VARIABLE = YES;
				IPHONEOS_DEPLOYMENT_TARGET = 16.2;
				MTL_ENABLE_DEBUG_INFO = INCLUDE_SOURCE;
				MTL_FAST_MATH = YES;
				ONLY_ACTIVE_ARCH = YES;
				SDKROOT = iphoneos;
				SWIFT_ACTIVE_COMPILATION_CONDITIONS = DEBUG;
				SWIFT_OPTIMIZATION_LEVEL = "-Onone";
			};
			name = Debug;
		};
		A50D5702295A044D00034A19 /* Release */ = {
			isa = XCBuildConfiguration;
			buildSettings = {
				ALWAYS_SEARCH_USER_PATHS = NO;
				CLANG_ANALYZER_NONNULL = YES;
				CLANG_ANALYZER_NUMBER_OBJECT_CONVERSION = YES_AGGRESSIVE;
				CLANG_CXX_LANGUAGE_STANDARD = "gnu++20";
				CLANG_ENABLE_MODULES = YES;
				CLANG_ENABLE_OBJC_ARC = YES;
				CLANG_ENABLE_OBJC_WEAK = YES;
				CLANG_WARN_BLOCK_CAPTURE_AUTORELEASING = YES;
				CLANG_WARN_BOOL_CONVERSION = YES;
				CLANG_WARN_COMMA = YES;
				CLANG_WARN_CONSTANT_CONVERSION = YES;
				CLANG_WARN_DEPRECATED_OBJC_IMPLEMENTATIONS = YES;
				CLANG_WARN_DIRECT_OBJC_ISA_USAGE = YES_ERROR;
				CLANG_WARN_DOCUMENTATION_COMMENTS = YES;
				CLANG_WARN_EMPTY_BODY = YES;
				CLANG_WARN_ENUM_CONVERSION = YES;
				CLANG_WARN_INFINITE_RECURSION = YES;
				CLANG_WARN_INT_CONVERSION = YES;
				CLANG_WARN_NON_LITERAL_NULL_CONVERSION = YES;
				CLANG_WARN_OBJC_IMPLICIT_RETAIN_SELF = YES;
				CLANG_WARN_OBJC_LITERAL_CONVERSION = YES;
				CLANG_WARN_OBJC_ROOT_CLASS = YES_ERROR;
				CLANG_WARN_QUOTED_INCLUDE_IN_FRAMEWORK_HEADER = YES;
				CLANG_WARN_RANGE_LOOP_ANALYSIS = YES;
				CLANG_WARN_STRICT_PROTOTYPES = YES;
				CLANG_WARN_SUSPICIOUS_MOVE = YES;
				CLANG_WARN_UNGUARDED_AVAILABILITY = YES_AGGRESSIVE;
				CLANG_WARN_UNREACHABLE_CODE = YES;
				CLANG_WARN__DUPLICATE_METHOD_MATCH = YES;
				COPY_PHASE_STRIP = NO;
				DEBUG_INFORMATION_FORMAT = "dwarf-with-dsym";
				ENABLE_NS_ASSERTIONS = NO;
				ENABLE_STRICT_OBJC_MSGSEND = YES;
				GCC_C_LANGUAGE_STANDARD = gnu11;
				GCC_NO_COMMON_BLOCKS = YES;
				GCC_WARN_64_TO_32_BIT_CONVERSION = YES;
				GCC_WARN_ABOUT_RETURN_TYPE = YES_ERROR;
				GCC_WARN_UNDECLARED_SELECTOR = YES;
				GCC_WARN_UNINITIALIZED_AUTOS = YES_AGGRESSIVE;
				GCC_WARN_UNUSED_FUNCTION = YES;
				GCC_WARN_UNUSED_VARIABLE = YES;
				IPHONEOS_DEPLOYMENT_TARGET = 16.2;
				MTL_ENABLE_DEBUG_INFO = NO;
				MTL_FAST_MATH = YES;
				SDKROOT = iphoneos;
				SWIFT_COMPILATION_MODE = wholemodule;
				SWIFT_OPTIMIZATION_LEVEL = "-O";
				VALIDATE_PRODUCT = YES;
			};
			name = Release;
		};
		A50D5704295A044D00034A19 /* Debug */ = {
			isa = XCBuildConfiguration;
			baseConfigurationReference = 97A4BD14822638589AA63364 /* Pods-Affirma.debug.xcconfig */;
			buildSettings = {
				ASSETCATALOG_COMPILER_APPICON_NAME = AppIcon;
				ASSETCATALOG_COMPILER_GLOBAL_ACCENT_COLOR_NAME = AccentColor;
				CODE_SIGN_STYLE = Automatic;
				CURRENT_PROJECT_VERSION = 1;
				DEVELOPMENT_TEAM = 9GSJWLTXP5;
				GENERATE_INFOPLIST_FILE = YES;
				INFOPLIST_FILE = Affirma/Info.plist;
				INFOPLIST_KEY_UIApplicationSupportsIndirectInputEvents = YES;
				INFOPLIST_KEY_UILaunchStoryboardName = LaunchScreen;
				INFOPLIST_KEY_UIMainStoryboardFile = Main;
				INFOPLIST_KEY_UISupportedInterfaceOrientations_iPad = "UIInterfaceOrientationPortrait UIInterfaceOrientationPortraitUpsideDown UIInterfaceOrientationLandscapeLeft UIInterfaceOrientationLandscapeRight";
				INFOPLIST_KEY_UISupportedInterfaceOrientations_iPhone = "UIInterfaceOrientationPortrait UIInterfaceOrientationLandscapeLeft UIInterfaceOrientationLandscapeRight";
				IPHONEOS_DEPLOYMENT_TARGET = 14.1;
				LD_RUNPATH_SEARCH_PATHS = (
					"$(inherited)",
					"@executable_path/Frameworks",
				);
				MARKETING_VERSION = 1.0;
				PRODUCT_BUNDLE_IDENTIFIER = com.selfcare.Affirma;
				PRODUCT_NAME = "$(TARGET_NAME)";
				SWIFT_EMIT_LOC_STRINGS = YES;
				SWIFT_VERSION = 5.0;
				TARGETED_DEVICE_FAMILY = "1,2";
			};
			name = Debug;
		};
		A50D5705295A044D00034A19 /* Release */ = {
			isa = XCBuildConfiguration;
			baseConfigurationReference = 4D4344E33E93F5CB400C67C6 /* Pods-Affirma.release.xcconfig */;
			buildSettings = {
				ASSETCATALOG_COMPILER_APPICON_NAME = AppIcon;
				ASSETCATALOG_COMPILER_GLOBAL_ACCENT_COLOR_NAME = AccentColor;
				CODE_SIGN_STYLE = Automatic;
				CURRENT_PROJECT_VERSION = 1;
				DEVELOPMENT_TEAM = 9GSJWLTXP5;
				GENERATE_INFOPLIST_FILE = YES;
				INFOPLIST_FILE = Affirma/Info.plist;
				INFOPLIST_KEY_UIApplicationSupportsIndirectInputEvents = YES;
				INFOPLIST_KEY_UILaunchStoryboardName = LaunchScreen;
				INFOPLIST_KEY_UIMainStoryboardFile = Main;
				INFOPLIST_KEY_UISupportedInterfaceOrientations_iPad = "UIInterfaceOrientationPortrait UIInterfaceOrientationPortraitUpsideDown UIInterfaceOrientationLandscapeLeft UIInterfaceOrientationLandscapeRight";
				INFOPLIST_KEY_UISupportedInterfaceOrientations_iPhone = "UIInterfaceOrientationPortrait UIInterfaceOrientationLandscapeLeft UIInterfaceOrientationLandscapeRight";
				IPHONEOS_DEPLOYMENT_TARGET = 14.1;
				LD_RUNPATH_SEARCH_PATHS = (
					"$(inherited)",
					"@executable_path/Frameworks",
				);
				MARKETING_VERSION = 1.0;
				PRODUCT_BUNDLE_IDENTIFIER = com.selfcare.Affirma;
				PRODUCT_NAME = "$(TARGET_NAME)";
				SWIFT_EMIT_LOC_STRINGS = YES;
				SWIFT_VERSION = 5.0;
				TARGETED_DEVICE_FAMILY = "1,2";
			};
			name = Release;
		};
		A50D5707295A044D00034A19 /* Debug */ = {
			isa = XCBuildConfiguration;
			baseConfigurationReference = 2717EEAB6C13F9D6399612AC /* Pods-AffirmaTests.debug.xcconfig */;
			buildSettings = {
				ALWAYS_EMBED_SWIFT_STANDARD_LIBRARIES = YES;
				BUNDLE_LOADER = "$(TEST_HOST)";
				CODE_SIGN_STYLE = Automatic;
				CURRENT_PROJECT_VERSION = 1;
				DEVELOPMENT_TEAM = 9GSJWLTXP5;
				GENERATE_INFOPLIST_FILE = YES;
				IPHONEOS_DEPLOYMENT_TARGET = 16.2;
				MARKETING_VERSION = 1.0;
				PRODUCT_BUNDLE_IDENTIFIER = com.selfcare.AffirmaTests;
				PRODUCT_NAME = "$(TARGET_NAME)";
				SWIFT_EMIT_LOC_STRINGS = NO;
				SWIFT_VERSION = 5.0;
				TARGETED_DEVICE_FAMILY = "1,2";
				TEST_HOST = "$(BUILT_PRODUCTS_DIR)/Affirma.app/$(BUNDLE_EXECUTABLE_FOLDER_PATH)/Affirma";
			};
			name = Debug;
		};
		A50D5708295A044D00034A19 /* Release */ = {
			isa = XCBuildConfiguration;
			baseConfigurationReference = ED7EF4CE966C3E3E5174461A /* Pods-AffirmaTests.release.xcconfig */;
			buildSettings = {
				ALWAYS_EMBED_SWIFT_STANDARD_LIBRARIES = YES;
				BUNDLE_LOADER = "$(TEST_HOST)";
				CODE_SIGN_STYLE = Automatic;
				CURRENT_PROJECT_VERSION = 1;
				DEVELOPMENT_TEAM = 9GSJWLTXP5;
				GENERATE_INFOPLIST_FILE = YES;
				IPHONEOS_DEPLOYMENT_TARGET = 16.2;
				MARKETING_VERSION = 1.0;
				PRODUCT_BUNDLE_IDENTIFIER = com.selfcare.AffirmaTests;
				PRODUCT_NAME = "$(TARGET_NAME)";
				SWIFT_EMIT_LOC_STRINGS = NO;
				SWIFT_VERSION = 5.0;
				TARGETED_DEVICE_FAMILY = "1,2";
				TEST_HOST = "$(BUILT_PRODUCTS_DIR)/Affirma.app/$(BUNDLE_EXECUTABLE_FOLDER_PATH)/Affirma";
			};
			name = Release;
		};
		A50D570A295A044D00034A19 /* Debug */ = {
			isa = XCBuildConfiguration;
			baseConfigurationReference = B283559CB993D9431F00E040 /* Pods-Affirma-AffirmaUITests.debug.xcconfig */;
			buildSettings = {
				ALWAYS_EMBED_SWIFT_STANDARD_LIBRARIES = YES;
				CODE_SIGN_STYLE = Automatic;
				CURRENT_PROJECT_VERSION = 1;
				DEVELOPMENT_TEAM = 9GSJWLTXP5;
				GENERATE_INFOPLIST_FILE = YES;
				MARKETING_VERSION = 1.0;
				PRODUCT_BUNDLE_IDENTIFIER = com.selfcare.AffirmaUITests;
				PRODUCT_NAME = "$(TARGET_NAME)";
				SWIFT_EMIT_LOC_STRINGS = NO;
				SWIFT_VERSION = 5.0;
				TARGETED_DEVICE_FAMILY = "1,2";
				TEST_TARGET_NAME = Affirma;
			};
			name = Debug;
		};
		A50D570B295A044D00034A19 /* Release */ = {
			isa = XCBuildConfiguration;
			baseConfigurationReference = 0C20EFA4B7F318D3E15EF06E /* Pods-Affirma-AffirmaUITests.release.xcconfig */;
			buildSettings = {
				ALWAYS_EMBED_SWIFT_STANDARD_LIBRARIES = YES;
				CODE_SIGN_STYLE = Automatic;
				CURRENT_PROJECT_VERSION = 1;
				DEVELOPMENT_TEAM = 9GSJWLTXP5;
				GENERATE_INFOPLIST_FILE = YES;
				MARKETING_VERSION = 1.0;
				PRODUCT_BUNDLE_IDENTIFIER = com.selfcare.AffirmaUITests;
				PRODUCT_NAME = "$(TARGET_NAME)";
				SWIFT_EMIT_LOC_STRINGS = NO;
				SWIFT_VERSION = 5.0;
				TARGETED_DEVICE_FAMILY = "1,2";
				TEST_TARGET_NAME = Affirma;
			};
			name = Release;
		};
/* End XCBuildConfiguration section */

/* Begin XCConfigurationList section */
		A50D56D4295A044B00034A19 /* Build configuration list for PBXProject "Affirma" */ = {
			isa = XCConfigurationList;
			buildConfigurations = (
				A50D5701295A044D00034A19 /* Debug */,
				A50D5702295A044D00034A19 /* Release */,
			);
			defaultConfigurationIsVisible = 0;
			defaultConfigurationName = Release;
		};
		A50D5703295A044D00034A19 /* Build configuration list for PBXNativeTarget "Affirma" */ = {
			isa = XCConfigurationList;
			buildConfigurations = (
				A50D5704295A044D00034A19 /* Debug */,
				A50D5705295A044D00034A19 /* Release */,
			);
			defaultConfigurationIsVisible = 0;
			defaultConfigurationName = Release;
		};
		A50D5706295A044D00034A19 /* Build configuration list for PBXNativeTarget "AffirmaTests" */ = {
			isa = XCConfigurationList;
			buildConfigurations = (
				A50D5707295A044D00034A19 /* Debug */,
				A50D5708295A044D00034A19 /* Release */,
			);
			defaultConfigurationIsVisible = 0;
			defaultConfigurationName = Release;
		};
		A50D5709295A044D00034A19 /* Build configuration list for PBXNativeTarget "AffirmaUITests" */ = {
			isa = XCConfigurationList;
			buildConfigurations = (
				A50D570A295A044D00034A19 /* Debug */,
				A50D570B295A044D00034A19 /* Release */,
			);
			defaultConfigurationIsVisible = 0;
			defaultConfigurationName = Release;
		};
/* End XCConfigurationList section */

/* Begin XCRemoteSwiftPackageReference section */
		A5FF7F202973273000754178 /* XCRemoteSwiftPackageReference "supabase-swift" */ = {
			isa = XCRemoteSwiftPackageReference;
			repositoryURL = "https://github.com/supabase/supabase-swift.git";
			requirement = {
				branch = master;
				kind = branch;
			};
		};
/* End XCRemoteSwiftPackageReference section */

/* Begin XCSwiftPackageProductDependency section */
		A5FF7F212973273000754178 /* Supabase */ = {
			isa = XCSwiftPackageProductDependency;
			package = A5FF7F202973273000754178 /* XCRemoteSwiftPackageReference "supabase-swift" */;
			productName = Supabase;
		};
/* End XCSwiftPackageProductDependency section */
	};
	rootObject = A50D56D1295A044B00034A19 /* Project object */;
}
